
Microsoft Visual Studio Solution File, Format Version 12.00
# Visual Studio 15
VisualStudioVersion = 15.0.28307.438
MinimumVisualStudioVersion = 10.0.40219.1
Project("{FAE04EC0-301F-11D3-BF4B-00C04F79EFBC}") = "BimClientDemo", "BimClientDemo.csproj", "{4B558814-067E-49D1-9B91-43CEAC0E89F7}"
EndProject
Global
	GlobalSection(SolutionConfigurationPlatforms) = preSolution
		Debug|Any CPU = Debug|Any CPU
		Release|Any CPU = Release|Any CPU
	EndGlobalSection
	GlobalSection(ProjectConfigurationPlatforms) = postSolution
		{4B558814-067E-49D1-9B91-43CEAC0E89F7}.Debug|Any CPU.ActiveCfg = Debug|Any CPU
		{4B558814-067E-49D1-9B91-43CEAC0E89F7}.Debug|Any CPU.Build.0 = Debug|Any CPU
		{4B558814-067E-49D1-9B91-43CEAC0E89F7}.Release|Any CPU.ActiveCfg = Release|Any CPU
		{4B558814-067E-49D1-9B91-43CEAC0E89F7}.Release|Any CPU.Build.0 = Release|Any CPU
	EndGlobalSection
	GlobalSection(SolutionProperties) = preSolution
		HideSolutionNode = FALSE
	EndGlobalSection
	GlobalSection(ExtensibilityGlobals) = postSolution
		SolutionGuid = {4ED61ED9-9AD1-4E46-839A-3EA46E9FB735}
	EndGlobalSection
EndGlobal
