
Microsoft Visual Studio Solution File, Format Version 12.00
# Visual Studio Version 16
VisualStudioVersion = 16.0.28917.182
MinimumVisualStudioVersion = 10.0.40219.1
Project("{FAE04EC0-301F-11D3-BF4B-00C04F79EFBC}") = "BimClientDemo", "BimClientDemo.csproj", "{4B558814-067E-49D1-9B91-43CEAC0E89F7}"
EndProject
Project("{2150E333-8FDC-42A3-9474-1A3956D46DE8}") = "doc", "doc", "{E9DBB449-271E-4755-94DB-DBC96FFDAA91}"
	ProjectSection(SolutionItems) = preProject
		..\..\README.md = ..\..\README.md
	EndProjectSection
EndProject
Global
	GlobalSection(SolutionConfigurationPlatforms) = preSolution
		Debug|Any CPU = Debug|Any CPU
		Release|Any CPU = Release|Any CPU
	EndGlobalSection
	GlobalSection(ProjectConfigurationPlatforms) = postSolution
		{4B558814-067E-49D1-9B91-43CEAC0E89F7}.Debug|Any CPU.ActiveCfg = Debug|Any CPU
		{4B558814-067E-49D1-9B91-43CEAC0E89F7}.Debug|Any CPU.Build.0 = Debug|Any CPU
		{4B558814-067E-49D1-9B91-43CEAC0E89F7}.Release|Any CPU.ActiveCfg = Release|Any CPU
		{4B558814-067E-49D1-9B91-43CEAC0E89F7}.Release|Any CPU.Build.0 = Release|Any CPU
	EndGlobalSection
	GlobalSection(SolutionProperties) = preSolution
		HideSolutionNode = FALSE
	EndGlobalSection
	GlobalSection(ExtensibilityGlobals) = postSolution
		SolutionGuid = {4ED61ED9-9AD1-4E46-839A-3EA46E9FB735}
	EndGlobalSection
EndGlobal
